
Microsoft Visual Studio Solution File, Format Version 12.00
Project("{FAE04EC0-301F-11D3-BF4B-00C04F79EFBC}") = "BeatSaberUnzipper", "BeatSaberUnzipper\BeatSaberUnzipper.csproj", "{5FC98EEC-B4E6-4814-B4C3-356B9305EC95}"
EndProject
Global
	GlobalSection(SolutionConfigurationPlatforms) = preSolution
		Debug|Any CPU = Debug|Any CPU
		Release|Any CPU = Release|Any CPU
	EndGlobalSection
	GlobalSection(ProjectConfigurationPlatforms) = postSolution
		{5FC98EEC-B4E6-4814-B4C3-356B9305EC95}.Debug|Any CPU.ActiveCfg = Debug|Any CPU
		{5FC98EEC-B4E6-4814-B4C3-356B9305EC95}.Debug|Any CPU.Build.0 = Debug|Any CPU
		{5FC98EEC-B4E6-4814-B4C3-356B9305EC95}.Release|Any CPU.ActiveCfg = Release|Any CPU
		{5FC98EEC-B4E6-4814-B4C3-356B9305EC95}.Release|Any CPU.Build.0 = Release|Any CPU
	EndGlobalSection
EndGlobal
